
Microsoft Visual Studio Solution File, Format Version 12.00
# Visual Studio Version 17
VisualStudioVersion = 17.9.34723.18
MinimumVisualStudioVersion = 10.0.40219.1
Project("{8BC9CEB8-8B4A-11D0-8D11-00A0C91BC942}") = "questionTaxi", "questionTaxi\questionTaxi.vcxproj", "{F5453C0C-5ADD-457E-BB86-14A4EE3F2210}"
EndProject
Global
	GlobalSection(SolutionConfigurationPlatforms) = preSolution
		Debug|x64 = Debug|x64
		Debug|x86 = Debug|x86
		Release|x64 = Release|x64
		Release|x86 = Release|x86
	EndGlobalSection
	GlobalSection(ProjectConfigurationPlatforms) = postSolution
		{F5453C0C-5ADD-457E-BB86-14A4EE3F2210}.Debug|x64.ActiveCfg = Debug|x64
		{F5453C0C-5ADD-457E-BB86-14A4EE3F2210}.Debug|x64.Build.0 = Debug|x64
		{F5453C0C-5ADD-457E-BB86-14A4EE3F2210}.Debug|x86.ActiveCfg = Debug|Win32
		{F5453C0C-5ADD-457E-BB86-14A4EE3F2210}.Debug|x86.Build.0 = Debug|Win32
		{F5453C0C-5ADD-457E-BB86-14A4EE3F2210}.Release|x64.ActiveCfg = Release|x64
		{F5453C0C-5ADD-457E-BB86-14A4EE3F2210}.Release|x64.Build.0 = Release|x64
		{F5453C0C-5ADD-457E-BB86-14A4EE3F2210}.Release|x86.ActiveCfg = Release|Win32
		{F5453C0C-5ADD-457E-BB86-14A4EE3F2210}.Release|x86.Build.0 = Release|Win32
	EndGlobalSection
	GlobalSection(SolutionProperties) = preSolution
		HideSolutionNode = FALSE
	EndGlobalSection
	GlobalSection(ExtensibilityGlobals) = postSolution
		SolutionGuid = {7CE66F97-E1FE-4572-B624-262D2E08DEE0}
	EndGlobalSection
EndGlobal
